
Microsoft Visual Studio Solution File, Format Version 12.00
# Visual Studio Version 16
VisualStudioVersion = 16.0.35931.194
MinimumVisualStudioVersion = 10.0.40219.1
Project("{FAE04EC0-301F-11D3-BF4B-00C04F79EFBC}") = "StoresWebApp", "StoresWebApp\StoresWebApp.csproj", "{82BDDA01-2A92-414A-B030-D0410197FCED}"
EndProject
Global
	GlobalSection(SolutionConfigurationPlatforms) = preSolution
		Debug|Any CPU = Debug|Any CPU
		Release|Any CPU = Release|Any CPU
	EndGlobalSection
	GlobalSection(ProjectConfigurationPlatforms) = postSolution
		{82BDDA01-2A92-414A-B030-D0410197FCED}.Debug|Any CPU.ActiveCfg = Debug|Any CPU
		{82BDDA01-2A92-414A-B030-D0410197FCED}.Debug|Any CPU.Build.0 = Debug|Any CPU
		{82BDDA01-2A92-414A-B030-D0410197FCED}.Release|Any CPU.ActiveCfg = Release|Any CPU
		{82BDDA01-2A92-414A-B030-D0410197FCED}.Release|Any CPU.Build.0 = Release|Any CPU
	EndGlobalSection
	GlobalSection(SolutionProperties) = preSolution
		HideSolutionNode = FALSE
	EndGlobalSection
	GlobalSection(ExtensibilityGlobals) = postSolution
		SolutionGuid = {FB920D84-46AF-475A-B67C-5C3840701E51}
	EndGlobalSection
EndGlobal
